// !$*UTF8*$!
{
	archiveVersion = 1;
	classes = {
	};
	objectVersion = 46;
	objects = {

/* Begin PBXBuildFile section */
		9A166AF51F1E037D0024517B /* AppDelegate.swift in Sources */ = {isa = PBXBuildFile; fileRef = 9A166AF41F1E037D0024517B /* AppDelegate.swift */; };
		9A166AFA1F1E037D0024517B /* Main.storyboard in Resources */ = {isa = PBXBuildFile; fileRef = 9A166AF81F1E037D0024517B /* Main.storyboard */; };
		9A166AFC1F1E037D0024517B /* Assets.xcassets in Resources */ = {isa = PBXBuildFile; fileRef = 9A166AFB1F1E037D0024517B /* Assets.xcassets */; };
		9A166AFF1F1E037D0024517B /* LaunchScreen.storyboard in Resources */ = {isa = PBXBuildFile; fileRef = 9A166AFD1F1E037D0024517B /* LaunchScreen.storyboard */; };
		9A166B071F1E04020024517B /* ToDoStore.swift in Sources */ = {isa = PBXBuildFile; fileRef = 9A166B061F1E04020024517B /* ToDoStore.swift */; };
		9A166B091F1E06210024517B /* MainTableViewController.swift in Sources */ = {isa = PBXBuildFile; fileRef = 9A166B081F1E06210024517B /* MainTableViewController.swift */; };
		9A166B0B1F1E0C2E0024517B /* InputTableViewCell.swift in Sources */ = {isa = PBXBuildFile; fileRef = 9A166B0A1F1E0C2E0024517B /* InputTableViewCell.swift */; };
/* End PBXBuildFile section */

/* Begin PBXFileReference section */
		9A166AF11F1E037D0024517B /* RxViewController.app */ = {isa = PBXFileReference; explicitFileType = wrapper.application; includeInIndex = 0; path = RxViewController.app; sourceTree = BUILT_PRODUCTS_DIR; };
		9A166AF41F1E037D0024517B /* AppDelegate.swift */ = {isa = PBXFileReference; lastKnownFileType = sourcecode.swift; path = AppDelegate.swift; sourceTree = "<group>"; };
		9A166AF91F1E037D0024517B /* Base */ = {isa = PBXFileReference; lastKnownFileType = file.storyboard; name = Base; path = Base.lproj/Main.storyboard; sourceTree = "<group>"; };
		9A166AFB1F1E037D0024517B /* Assets.xcassets */ = {isa = PBXFileReference; lastKnownFileType = folder.assetcatalog; path = Assets.xcassets; sourceTree = "<group>"; };
		9A166AFE1F1E037D0024517B /* Base */ = {isa = PBXFileReference; lastKnownFileType = file.storyboard; name = Base; path = Base.lproj/LaunchScreen.storyboard; sourceTree = "<group>"; };
		9A166B001F1E037D0024517B /* Info.plist */ = {isa = PBXFileReference; lastKnownFileType = text.plist.xml; path = Info.plist; sourceTree = "<group>"; };
		9A166B061F1E04020024517B /* ToDoStore.swift */ = {isa = PBXFileReference; fileEncoding = 4; lastKnownFileType = sourcecode.swift; path = ToDoStore.swift; sourceTree = "<group>"; };
		9A166B081F1E06210024517B /* MainTableViewController.swift */ = {isa = PBXFileReference; fileEncoding = 4; lastKnownFileType = sourcecode.swift; path = MainTableViewController.swift; sourceTree = "<group>"; };
		9A166B0A1F1E0C2E0024517B /* InputTableViewCell.swift */ = {isa = PBXFileReference; fileEncoding = 4; lastKnownFileType = sourcecode.swift; path = InputTableViewCell.swift; sourceTree = "<group>"; };
/* End PBXFileReference section */

/* Begin PBXFrameworksBuildPhase section */
		9A166AEE1F1E037D0024517B /* Frameworks */ = {
			isa = PBXFrameworksBuildPhase;
			buildActionMask = 2147483647;
			files = (
			);
			runOnlyForDeploymentPostprocessing = 0;
		};
/* End PBXFrameworksBuildPhase section */

/* Begin PBXGroup section */
		9A166AE81F1E037D0024517B = {
			isa = PBXGroup;
			children = (
				9A166AF31F1E037D0024517B /* RxViewController */,
				9A166AF21F1E037D0024517B /* Products */,
			);
			sourceTree = "<group>";
		};
		9A166AF21F1E037D0024517B /* Products */ = {
			isa = PBXGroup;
			children = (
				9A166AF11F1E037D0024517B /* RxViewController.app */,
			);
			name = Products;
			sourceTree = "<group>";
		};
		9A166AF31F1E037D0024517B /* RxViewController */ = {
			isa = PBXGroup;
			children = (
				9A166AF41F1E037D0024517B /* AppDelegate.swift */,
				9A166AF81F1E037D0024517B /* Main.storyboard */,
				9A166AFB1F1E037D0024517B /* Assets.xcassets */,
				9A166AFD1F1E037D0024517B /* LaunchScreen.storyboard */,
				9A166B001F1E037D0024517B /* Info.plist */,
				9A166B061F1E04020024517B /* ToDoStore.swift */,
				9A166B081F1E06210024517B /* MainTableViewController.swift */,
				9A166B0A1F1E0C2E0024517B /* InputTableViewCell.swift */,
			);
			path = RxViewController;
			sourceTree = "<group>";
		};
/* End PBXGroup section */

/* Begin PBXNativeTarget section */
		9A166AF01F1E037D0024517B /* RxViewController */ = {
			isa = PBXNativeTarget;
			buildConfigurationList = 9A166B031F1E037D0024517B /* Build configuration list for PBXNativeTarget "RxViewController" */;
			buildPhases = (
				9A166AED1F1E037D0024517B /* Sources */,
				9A166AEE1F1E037D0024517B /* Frameworks */,
				9A166AEF1F1E037D0024517B /* Resources */,
			);
			buildRules = (
			);
			dependencies = (
			);
			name = RxViewController;
			productName = RxViewController;
			productReference = 9A166AF11F1E037D0024517B /* RxViewController.app */;
			productType = "com.apple.product-type.application";
		};
/* End PBXNativeTarget section */

/* Begin PBXProject section */
		9A166AE91F1E037D0024517B /* Project object */ = {
			isa = PBXProject;
			attributes = {
				LastSwiftUpdateCheck = 0830;
				LastUpgradeCheck = 0830;
				ORGANIZATIONNAME = chenyong;
				TargetAttributes = {
					9A166AF01F1E037D0024517B = {
						CreatedOnToolsVersion = 8.3;
						ProvisioningStyle = Automatic;
					};
				};
			};
			buildConfigurationList = 9A166AEC1F1E037D0024517B /* Build configuration list for PBXProject "RxViewController" */;
			compatibilityVersion = "Xcode 3.2";
			developmentRegion = English;
			hasScannedForEncodings = 0;
			knownRegions = (
				en,
				Base,
			);
			mainGroup = 9A166AE81F1E037D0024517B;
			productRefGroup = 9A166AF21F1E037D0024517B /* Products */;
			projectDirPath = "";
			projectRoot = "";
			targets = (
				9A166AF01F1E037D0024517B /* RxViewController */,
			);
		};
/* End PBXProject section */

/* Begin PBXResourcesBuildPhase section */
		9A166AEF1F1E037D0024517B /* Resources */ = {
			isa = PBXResourcesBuildPhase;
			buildActionMask = 2147483647;
			files = (
				9A166AFF1F1E037D0024517B /* LaunchScreen.storyboard in Resources */,
				9A166AFC1F1E037D0024517B /* Assets.xcassets in Resources */,
				9A166AFA1F1E037D0024517B /* Main.storyboard in Resources */,
			);
			runOnlyForDeploymentPostprocessing = 0;
		};
/* End PBXResourcesBuildPhase section */

/* Begin PBXSourcesBuildPhase section */
		9A166AED1F1E037D0024517B /* Sources */ = {
			isa = PBXSourcesBuildPhase;
			buildActionMask = 2147483647;
			files = (
				9A166B0B1F1E0C2E0024517B /* InputTableViewCell.swift in Sources */,
				9A166B091F1E06210024517B /* MainTableViewController.swift in Sources */,
				9A166B071F1E04020024517B /* ToDoStore.swift in Sources */,
				9A166AF51F1E037D0024517B /* AppDelegate.swift in Sources */,
			);
			runOnlyForDeploymentPostprocessing = 0;
		};
/* End PBXSourcesBuildPhase section */

/* Begin PBXVariantGroup section */
		9A166AF81F1E037D0024517B /* Main.storyboard */ = {
			isa = PBXVariantGroup;
			children = (
				9A166AF91F1E037D0024517B /* Base */,
			);
			name = Main.storyboard;
			sourceTree = "<group>";
		};
		9A166AFD1F1E037D0024517B /* LaunchScreen.storyboard */ = {
			isa = PBXVariantGroup;
			children = (
				9A166AFE1F1E037D0024517B /* Base */,
			);
			name = LaunchScreen.storyboard;
			sourceTree = "<group>";
		};
/* End PBXVariantGroup section */

/* Begin XCBuildConfiguration section */
		9A166B011F1E037D0024517B /* Debug */ = {
			isa = XCBuildConfiguration;
			buildSettings = {
				ALWAYS_SEARCH_USER_PATHS = NO;
				CLANG_ANALYZER_NONNULL = YES;
				CLANG_ANALYZER_NUMBER_OBJECT_CONVERSION = YES_AGGRESSIVE;
				CLANG_CXX_LANGUAGE_STANDARD = "gnu++0x";
				CLANG_CXX_LIBRARY = "libc++";
				CLANG_ENABLE_MODULES = YES;
				CLANG_ENABLE_OBJC_ARC = YES;
				CLANG_WARN_BOOL_CONVERSION = YES;
				CLANG_WARN_CONSTANT_CONVERSION = YES;
				CLANG_WARN_DIRECT_OBJC_ISA_USAGE = YES_ERROR;
				CLANG_WARN_DOCUMENTATION_COMMENTS = YES;
				CLANG_WARN_EMPTY_BODY = YES;
				CLANG_WARN_ENUM_CONVERSION = YES;
				CLANG_WARN_INFINITE_RECURSION = YES;
				CLANG_WARN_INT_CONVERSION = YES;
				CLANG_WARN_OBJC_ROOT_CLASS = YES_ERROR;
				CLANG_WARN_SUSPICIOUS_MOVE = YES;
				CLANG_WARN_UNREACHABLE_CODE = YES;
				CLANG_WARN__DUPLICATE_METHOD_MATCH = YES;
				"CODE_SIGN_IDENTITY[sdk=iphoneos*]" = "iPhone Developer";
				COPY_PHASE_STRIP = NO;
				DEBUG_INFORMATION_FORMAT = dwarf;
				ENABLE_STRICT_OBJC_MSGSEND = YES;
				ENABLE_TESTABILITY = YES;
				GCC_C_LANGUAGE_STANDARD = gnu99;
				GCC_DYNAMIC_NO_PIC = NO;
				GCC_NO_COMMON_BLOCKS = YES;
				GCC_OPTIMIZATION_LEVEL = 0;
				GCC_PREPROCESSOR_DEFINITIONS = (
					"DEBUG=1",
					"$(inherited)",
				);
				GCC_WARN_64_TO_32_BIT_CONVERSION = YES;
				GCC_WARN_ABOUT_RETURN_TYPE = YES_ERROR;
				GCC_WARN_UNDECLARED_SELECTOR = YES;
				GCC_WARN_UNINITIALIZED_AUTOS = YES_AGGRESSIVE;
				GCC_WARN_UNUSED_FUNCTION = YES;
				GCC_WARN_UNUSED_VARIABLE = YES;
				IPHONEOS_DEPLOYMENT_TARGET = 10.3;
				MTL_ENABLE_DEBUG_INFO = YES;
				ONLY_ACTIVE_ARCH = YES;
				SDKROOT = iphoneos;
				SWIFT_ACTIVE_COMPILATION_CONDITIONS = DEBUG;
				SWIFT_OPTIMIZATION_LEVEL = "-Onone";
				TARGETED_DEVICE_FAMILY = "1,2";
			};
			name = Debug;
		};
		9A166B021F1E037D0024517B /* Release */ = {
			isa = XCBuildConfiguration;
			buildSettings = {
				ALWAYS_SEARCH_USER_PATHS = NO;
				CLANG_ANALYZER_NONNULL = YES;
				CLANG_ANALYZER_NUMBER_OBJECT_CONVERSION = YES_AGGRESSIVE;
				CLANG_CXX_LANGUAGE_STANDARD = "gnu++0x";
				CLANG_CXX_LIBRARY = "libc++";
				CLANG_ENABLE_MODULES = YES;
				CLANG_ENABLE_OBJC_ARC = YES;
				CLANG_WARN_BOOL_CONVERSION = YES;
				CLANG_WARN_CONSTANT_CONVERSION = YES;
				CLANG_WARN_DIRECT_OBJC_ISA_USAGE = YES_ERROR;
				CLANG_WARN_DOCUMENTATION_COMMENTS = YES;
				CLANG_WARN_EMPTY_BODY = YES;
				CLANG_WARN_ENUM_CONVERSION = YES;
				CLANG_WARN_INFINITE_RECURSION = YES;
				CLANG_WARN_INT_CONVERSION = YES;
				CLANG_WARN_OBJC_ROOT_CLASS = YES_ERROR;
				CLANG_WARN_SUSPICIOUS_MOVE = YES;
				CLANG_WARN_UNREACHABLE_CODE = YES;
				CLANG_WARN__DUPLICATE_METHOD_MATCH = YES;
				"CODE_SIGN_IDENTITY[sdk=iphoneos*]" = "iPhone Developer";
				COPY_PHASE_STRIP = NO;
				DEBUG_INFORMATION_FORMAT = "dwarf-with-dsym";
				ENABLE_NS_ASSERTIONS = NO;
				ENABLE_STRICT_OBJC_MSGSEND = YES;
				GCC_C_LANGUAGE_STANDARD = gnu99;
				GCC_NO_COMMON_BLOCKS = YES;
				GCC_WARN_64_TO_32_BIT_CONVERSION = YES;
				GCC_WARN_ABOUT_RETURN_TYPE = YES_ERROR;
				GCC_WARN_UNDECLARED_SELECTOR = YES;
				GCC_WARN_UNINITIALIZED_AUTOS = YES_AGGRESSIVE;
				GCC_WARN_UNUSED_FUNCTION = YES;
				GCC_WARN_UNUSED_VARIABLE = YES;
				IPHONEOS_DEPLOYMENT_TARGET = 10.3;
				MTL_ENABLE_DEBUG_INFO = NO;
				SDKROOT = iphoneos;
				SWIFT_OPTIMIZATION_LEVEL = "-Owholemodule";
				TARGETED_DEVICE_FAMILY = "1,2";
				VALIDATE_PRODUCT = YES;
			};
			name = Release;
		};
		9A166B041F1E037D0024517B /* Debug */ = {
			isa = XCBuildConfiguration;
			buildSettings = {
				ASSETCATALOG_COMPILER_APPICON_NAME = AppIcon;
				INFOPLIST_FILE = RxViewController/Info.plist;
				LD_RUNPATH_SEARCH_PATHS = "$(inherited) @executable_path/Frameworks";
				PRODUCT_BUNDLE_IDENTIFIER = hello.RxViewController;
				PRODUCT_NAME = "$(TARGET_NAME)";
				SWIFT_VERSION = 3.0;
			};
			name = Debug;
		};
		9A166B051F1E037D0024517B /* Release */ = {
			isa = XCBuildConfiguration;
			buildSettings = {
				ASSETCATALOG_COMPILER_APPICON_NAME = AppIcon;
				INFOPLIST_FILE = RxViewController/Info.plist;
				LD_RUNPATH_SEARCH_PATHS = "$(inherited) @executable_path/Frameworks";
				PRODUCT_BUNDLE_IDENTIFIER = hello.RxViewController;
				PRODUCT_NAME = "$(TARGET_NAME)";
				SWIFT_VERSION = 3.0;
			};
			name = Release;
		};
/* End XCBuildConfiguration section */

/* Begin XCConfigurationList section */
		9A166AEC1F1E037D0024517B /* Build configuration list for PBXProject "RxViewController" */ = {
			isa = XCConfigurationList;
			buildConfigurations = (
				9A166B011F1E037D0024517B /* Debug */,
				9A166B021F1E037D0024517B /* Release */,
			);
			defaultConfigurationIsVisible = 0;
			defaultConfigurationName = Release;
		};
		9A166B031F1E037D0024517B /* Build configuration list for PBXNativeTarget "RxViewController" */ = {
			isa = XCConfigurationList;
			buildConfigurations = (
				9A166B041F1E037D0024517B /* Debug */,
				9A166B051F1E037D0024517B /* Release */,
			);
			defaultConfigurationIsVisible = 0;
			defaultConfigurationName = Release;
		};
/* End XCConfigurationList section */
	};
	rootObject = 9A166AE91F1E037D0024517B /* Project object */;
}
